#MicroXplorer Configuration settings - do not modify
ADC1.Channel-0\#ChannelRegularConversion=ADC_CHANNEL_3
ADC1.Channel-1\#ChannelInjectedConversion=ADC_CHANNEL_10
ADC1.Channel-2\#ChannelInjectedConversion=ADC_CHANNEL_0
ADC1.Channel-3\#ChannelInjectedConversion=ADC_CHANNEL_4
ADC1.Channel-5\#ChannelRegularConversion=ADC_CHANNEL_4
ADC1.Channel-6\#ChannelRegularConversion=ADC_CHANNEL_5
ADC1.Channel-7\#ChannelRegularConversion=ADC_CHANNEL_6
ADC1.Channel-8\#ChannelRegularConversion=ADC_CHANNEL_7
ADC1.Channel-9\#ChannelInjectedConversion=ADC_CHANNEL_5
ADC1.DMAContinuousRequests=ENABLE
ADC1.EOCSelection=ADC_EOC_SEQ_CONV
ADC1.EnableAnalogWatchDog=true
ADC1.ExternalTrigConv=ADC_EXTERNALTRIGCONV_T2_TRGO
ADC1.ExternalTrigConvEdge=ADC_EXTERNALTRIGCONVEDGE_RISING
ADC1.ExternalTrigInjecConv=ADC_EXTERNALTRIGINJECCONV_T1_TRGO
ADC1.ExternalTrigInjecConvEdge=ADC_EXTERNALTRIGINJECCONVEDGE_FALLING
ADC1.HighThreshold=4048
ADC1.IPParameters=Rank-0\#ChannelRegularConversion,master,Channel-0\#ChannelRegularConversion,SamplingTime-0\#ChannelRegularConversion,NbrOfConversionFlag,ScanConvMode,InjectedRank-1\#ChannelInjectedConversion,Channel-1\#ChannelInjectedConversion,SamplingTime-1\#ChannelInjectedConversion,InjectedOffset-1\#ChannelInjectedConversion,InjectedRank-2\#ChannelInjectedConversion,Channel-2\#ChannelInjectedConversion,SamplingTime-2\#ChannelInjectedConversion,InjectedOffset-2\#ChannelInjectedConversion,InjectedRank-3\#ChannelInjectedConversion,Channel-3\#ChannelInjectedConversion,SamplingTime-3\#ChannelInjectedConversion,InjectedOffset-3\#ChannelInjectedConversion,InjNumberOfConversion,ExternalTrigInjecConv,NbrOfConversion,EOCSelection,EnableAnalogWatchDog,WatchdogChannel,HighThreshold,LowThreshold,ITMode,WatchdogMode,ExternalTrigInjecConvEdge,Rank-5\#ChannelRegularConversion,Channel-5\#ChannelRegularConversion,SamplingTime-5\#ChannelRegularConversion,Rank-6\#ChannelRegularConversion,Channel-6\#ChannelRegularConversion,SamplingTime-6\#ChannelRegularConversion,Rank-7\#ChannelRegularConversion,Channel-7\#ChannelRegularConversion,SamplingTime-7\#ChannelRegularConversion,Rank-8\#ChannelRegularConversion,Channel-8\#ChannelRegularConversion,SamplingTime-8\#ChannelRegularConversion,ExternalTrigConv,ExternalTrigConvEdge,DMAContinuousRequests,InjectedRank-9\#ChannelInjectedConversion,Channel-9\#ChannelInjectedConversion,SamplingTime-9\#ChannelInjectedConversion,InjectedOffset-9\#ChannelInjectedConversion
ADC1.ITMode=ENABLE
ADC1.InjNumberOfConversion=4
ADC1.InjectedOffset-1\#ChannelInjectedConversion=0
ADC1.InjectedOffset-2\#ChannelInjectedConversion=0
ADC1.InjectedOffset-3\#ChannelInjectedConversion=0
ADC1.InjectedOffset-9\#ChannelInjectedConversion=0
ADC1.InjectedRank-1\#ChannelInjectedConversion=1
ADC1.InjectedRank-2\#ChannelInjectedConversion=2
ADC1.InjectedRank-3\#ChannelInjectedConversion=3
ADC1.InjectedRank-9\#ChannelInjectedConversion=4
ADC1.LowThreshold=48
ADC1.NbrOfConversion=5
ADC1.NbrOfConversionFlag=1
ADC1.Rank-0\#ChannelRegularConversion=1
ADC1.Rank-5\#ChannelRegularConversion=2
ADC1.Rank-6\#ChannelRegularConversion=3
ADC1.Rank-7\#ChannelRegularConversion=4
ADC1.Rank-8\#ChannelRegularConversion=5
ADC1.SamplingTime-0\#ChannelRegularConversion=ADC_SAMPLETIME_15CYCLES
ADC1.SamplingTime-1\#ChannelInjectedConversion=ADC_SAMPLETIME_15CYCLES
ADC1.SamplingTime-2\#ChannelInjectedConversion=ADC_SAMPLETIME_15CYCLES
ADC1.SamplingTime-3\#ChannelInjectedConversion=ADC_SAMPLETIME_15CYCLES
ADC1.SamplingTime-5\#ChannelRegularConversion=ADC_SAMPLETIME_15CYCLES
ADC1.SamplingTime-6\#ChannelRegularConversion=ADC_SAMPLETIME_15CYCLES
ADC1.SamplingTime-7\#ChannelRegularConversion=ADC_SAMPLETIME_15CYCLES
ADC1.SamplingTime-8\#ChannelRegularConversion=ADC_SAMPLETIME_15CYCLES
ADC1.SamplingTime-9\#ChannelInjectedConversion=ADC_SAMPLETIME_15CYCLES
ADC1.ScanConvMode=ENABLE
ADC1.WatchdogChannel=ADC_CHANNEL_10
ADC1.WatchdogMode=ADC_ANALOGWATCHDOG_SINGLE_INJEC
ADC1.master=1
ADC2.Channel-0\#ChannelRegularConversion=ADC_CHANNEL_14
ADC2.Channel-1\#ChannelInjectedConversion=ADC_CHANNEL_11
ADC2.Channel-2\#ChannelInjectedConversion=ADC_CHANNEL_1
ADC2.Channel-3\#ChannelInjectedConversion=ADC_CHANNEL_14
ADC2.Channel-5\#ChannelRegularConversion=ADC_CHANNEL_15
ADC2.Channel-6\#ChannelRegularConversion=ADC_CHANNEL_8
ADC2.Channel-7\#ChannelRegularConversion=ADC_CHANNEL_9
ADC2.Channel-8\#ChannelInjectedConversion=ADC_CHANNEL_15
ADC2.DMAContinuousRequests=ENABLE
ADC2.EOCSelection=ADC_EOC_SEQ_CONV
ADC2.EnableAnalogWatchDog=true
ADC2.ExternalTrigConv=ADC_EXTERNALTRIGCONV_T2_TRGO
ADC2.ExternalTrigInjecConv=ADC_EXTERNALTRIGINJECCONV_T1_TRGO
ADC2.ExternalTrigInjecConvEdge=ADC_EXTERNALTRIGINJECCONVEDGE_FALLING
ADC2.HighThreshold=4048
ADC2.IPParameters=Rank-0\#ChannelRegularConversion,Channel-0\#ChannelRegularConversion,SamplingTime-0\#ChannelRegularConversion,NbrOfConversionFlag,InjectedRank-1\#ChannelInjectedConversion,Channel-1\#ChannelInjectedConversion,SamplingTime-1\#ChannelInjectedConversion,InjectedOffset-1\#ChannelInjectedConversion,InjectedRank-2\#ChannelInjectedConversion,Channel-2\#ChannelInjectedConversion,SamplingTime-2\#ChannelInjectedConversion,InjectedOffset-2\#ChannelInjectedConversion,InjectedRank-3\#ChannelInjectedConversion,Channel-3\#ChannelInjectedConversion,SamplingTime-3\#ChannelInjectedConversion,InjectedOffset-3\#ChannelInjectedConversion,InjNumberOfConversion,ExternalTrigInjecConv,EOCSelection,EnableAnalogWatchDog,WatchdogChannel,WatchdogMode,HighThreshold,LowThreshold,ITMode,ExternalTrigInjecConvEdge,NbrOfConversion,Rank-5\#ChannelRegularConversion,Channel-5\#ChannelRegularConversion,SamplingTime-5\#ChannelRegularConversion,Rank-6\#ChannelRegularConversion,Channel-6\#ChannelRegularConversion,SamplingTime-6\#ChannelRegularConversion,Rank-7\#ChannelRegularConversion,Channel-7\#ChannelRegularConversion,SamplingTime-7\#ChannelRegularConversion,ExternalTrigConv,DMAContinuousRequests,InjectedRank-8\#ChannelInjectedConversion,Channel-8\#ChannelInjectedConversion,SamplingTime-8\#ChannelInjectedConversion,InjectedOffset-8\#ChannelInjectedConversion
ADC2.ITMode=ENABLE
ADC2.InjNumberOfConversion=4
ADC2.InjectedOffset-1\#ChannelInjectedConversion=0
ADC2.InjectedOffset-2\#ChannelInjectedConversion=0
ADC2.InjectedOffset-3\#ChannelInjectedConversion=0
ADC2.InjectedOffset-8\#ChannelInjectedConversion=0
ADC2.InjectedRank-1\#ChannelInjectedConversion=1
ADC2.InjectedRank-2\#ChannelInjectedConversion=2
ADC2.InjectedRank-3\#ChannelInjectedConversion=3
ADC2.InjectedRank-8\#ChannelInjectedConversion=4
ADC2.LowThreshold=48
ADC2.NbrOfConversion=4
ADC2.NbrOfConversionFlag=1
ADC2.Rank-0\#ChannelRegularConversion=1
ADC2.Rank-5\#ChannelRegularConversion=2
ADC2.Rank-6\#ChannelRegularConversion=3
ADC2.Rank-7\#ChannelRegularConversion=4
ADC2.SamplingTime-0\#ChannelRegularConversion=ADC_SAMPLETIME_15CYCLES
ADC2.SamplingTime-1\#ChannelInjectedConversion=ADC_SAMPLETIME_15CYCLES
ADC2.SamplingTime-2\#ChannelInjectedConversion=ADC_SAMPLETIME_15CYCLES
ADC2.SamplingTime-3\#ChannelInjectedConversion=ADC_SAMPLETIME_15CYCLES
ADC2.SamplingTime-5\#ChannelRegularConversion=ADC_SAMPLETIME_15CYCLES
ADC2.SamplingTime-6\#ChannelRegularConversion=ADC_SAMPLETIME_15CYCLES
ADC2.SamplingTime-7\#ChannelRegularConversion=ADC_SAMPLETIME_15CYCLES
ADC2.SamplingTime-8\#ChannelInjectedConversion=ADC_SAMPLETIME_3CYCLES
ADC2.WatchdogChannel=ADC_CHANNEL_11
ADC2.WatchdogMode=ADC_ANALOGWATCHDOG_SINGLE_INJEC
ADC3.Channel-0\#ChannelRegularConversion=ADC_CHANNEL_12
ADC3.Channel-1\#ChannelInjectedConversion=ADC_CHANNEL_12
ADC3.Channel-2\#ChannelInjectedConversion=ADC_CHANNEL_2
ADC3.Channel-3\#ChannelInjectedConversion=ADC_CHANNEL_13
ADC3.Channel-4\#ChannelInjectedConversion=ADC_CHANNEL_2
ADC3.EOCSelection=ADC_EOC_SEQ_CONV
ADC3.EnableAnalogWatchDog=true
ADC3.ExternalTrigInjecConv=ADC_EXTERNALTRIGINJECCONV_T1_TRGO
ADC3.ExternalTrigInjecConvEdge=ADC_EXTERNALTRIGINJECCONVEDGE_FALLING
ADC3.HighThreshold=4048
ADC3.IPParameters=Rank-0\#ChannelRegularConversion,Channel-0\#ChannelRegularConversion,SamplingTime-0\#ChannelRegularConversion,NbrOfConversionFlag,InjectedRank-1\#ChannelInjectedConversion,Channel-1\#ChannelInjectedConversion,SamplingTime-1\#ChannelInjectedConversion,InjectedOffset-1\#ChannelInjectedConversion,InjNumberOfConversion,InjectedRank-2\#ChannelInjectedConversion,Channel-2\#ChannelInjectedConversion,SamplingTime-2\#ChannelInjectedConversion,InjectedOffset-2\#ChannelInjectedConversion,InjectedRank-3\#ChannelInjectedConversion,Channel-3\#ChannelInjectedConversion,SamplingTime-3\#ChannelInjectedConversion,InjectedOffset-3\#ChannelInjectedConversion,ExternalTrigInjecConv,EOCSelection,EnableAnalogWatchDog,WatchdogChannel,ITMode,WatchdogMode,HighThreshold,LowThreshold,ExternalTrigInjecConvEdge,InjectedRank-4\#ChannelInjectedConversion,Channel-4\#ChannelInjectedConversion,SamplingTime-4\#ChannelInjectedConversion,InjectedOffset-4\#ChannelInjectedConversion
ADC3.ITMode=ENABLE
ADC3.InjNumberOfConversion=4
ADC3.InjectedOffset-1\#ChannelInjectedConversion=0
ADC3.InjectedOffset-2\#ChannelInjectedConversion=0
ADC3.InjectedOffset-3\#ChannelInjectedConversion=0
ADC3.InjectedOffset-4\#ChannelInjectedConversion=0
ADC3.InjectedRank-1\#ChannelInjectedConversion=1
ADC3.InjectedRank-2\#ChannelInjectedConversion=2
ADC3.InjectedRank-3\#ChannelInjectedConversion=3
ADC3.InjectedRank-4\#ChannelInjectedConversion=4
ADC3.LowThreshold=48
ADC3.NbrOfConversionFlag=1
ADC3.Rank-0\#ChannelRegularConversion=1
ADC3.SamplingTime-0\#ChannelRegularConversion=ADC_SAMPLETIME_3CYCLES
ADC3.SamplingTime-1\#ChannelInjectedConversion=ADC_SAMPLETIME_15CYCLES
ADC3.SamplingTime-2\#ChannelInjectedConversion=ADC_SAMPLETIME_15CYCLES
ADC3.SamplingTime-3\#ChannelInjectedConversion=ADC_SAMPLETIME_15CYCLES
ADC3.SamplingTime-4\#ChannelInjectedConversion=ADC_SAMPLETIME_3CYCLES
ADC3.WatchdogChannel=ADC_CHANNEL_12
ADC3.WatchdogMode=ADC_ANALOGWATCHDOG_SINGLE_INJEC
CAN1.BS1=CAN_BS1_11TQ
CAN1.BS2=CAN_BS2_2TQ
CAN1.CalculateBaudRate=500000
CAN1.CalculateTimeBit=2000
CAN1.CalculateTimeQuantum=142.85714285714286
CAN1.IPParameters=CalculateTimeQuantum,CalculateTimeBit,CalculateBaudRate,Prescaler,BS1,BS2,SJW,NART,TXFP
CAN1.NART=DISABLE
CAN1.Prescaler=6
CAN1.SJW=CAN_SJW_2TQ
CAN1.TXFP=ENABLE
Dma.ADC1.2.Direction=DMA_PERIPH_TO_MEMORY
Dma.ADC1.2.FIFOMode=DMA_FIFOMODE_DISABLE
Dma.ADC1.2.Instance=DMA2_Stream0
Dma.ADC1.2.MemDataAlignment=DMA_MDATAALIGN_WORD
Dma.ADC1.2.MemInc=DMA_MINC_ENABLE
Dma.ADC1.2.Mode=DMA_CIRCULAR
Dma.ADC1.2.PeriphDataAlignment=DMA_PDATAALIGN_WORD
Dma.ADC1.2.PeriphInc=DMA_PINC_DISABLE
Dma.ADC1.2.Priority=DMA_PRIORITY_LOW
Dma.ADC1.2.RequestParameters=Instance,Direction,PeriphInc,MemInc,PeriphDataAlignment,MemDataAlignment,Mode,Priority,FIFOMode
Dma.ADC2.3.Direction=DMA_PERIPH_TO_MEMORY
Dma.ADC2.3.FIFOMode=DMA_FIFOMODE_DISABLE
Dma.ADC2.3.Instance=DMA2_Stream2
Dma.ADC2.3.MemDataAlignment=DMA_MDATAALIGN_WORD
Dma.ADC2.3.MemInc=DMA_MINC_ENABLE
Dma.ADC2.3.Mode=DMA_CIRCULAR
Dma.ADC2.3.PeriphDataAlignment=DMA_PDATAALIGN_WORD
Dma.ADC2.3.PeriphInc=DMA_PINC_DISABLE
Dma.ADC2.3.Priority=DMA_PRIORITY_LOW
Dma.ADC2.3.RequestParameters=Instance,Direction,PeriphInc,MemInc,PeriphDataAlignment,MemDataAlignment,Mode,Priority,FIFOMode
Dma.Request0=USART3_TX
Dma.Request1=USART3_RX
Dma.Request2=ADC1
Dma.Request3=ADC2
Dma.RequestsNb=4
Dma.USART3_RX.1.Direction=DMA_PERIPH_TO_MEMORY
Dma.USART3_RX.1.FIFOMode=DMA_FIFOMODE_DISABLE
Dma.USART3_RX.1.Instance=DMA1_Stream1
Dma.USART3_RX.1.MemDataAlignment=DMA_MDATAALIGN_BYTE
Dma.USART3_RX.1.MemInc=DMA_MINC_ENABLE
Dma.USART3_RX.1.Mode=DMA_CIRCULAR
Dma.USART3_RX.1.PeriphDataAlignment=DMA_PDATAALIGN_BYTE
Dma.USART3_RX.1.PeriphInc=DMA_PINC_DISABLE
Dma.USART3_RX.1.Priority=DMA_PRIORITY_LOW
Dma.USART3_RX.1.RequestParameters=Instance,Direction,PeriphInc,MemInc,PeriphDataAlignment,MemDataAlignment,Mode,Priority,FIFOMode
Dma.USART3_TX.0.Direction=DMA_MEMORY_TO_PERIPH
Dma.USART3_TX.0.FIFOMode=DMA_FIFOMODE_DISABLE
Dma.USART3_TX.0.Instance=DMA1_Stream3
Dma.USART3_TX.0.MemDataAlignment=DMA_MDATAALIGN_BYTE
Dma.USART3_TX.0.MemInc=DMA_MINC_ENABLE
Dma.USART3_TX.0.Mode=DMA_NORMAL
Dma.USART3_TX.0.PeriphDataAlignment=DMA_PDATAALIGN_BYTE
Dma.USART3_TX.0.PeriphInc=DMA_PINC_DISABLE
Dma.USART3_TX.0.Priority=DMA_PRIORITY_LOW
Dma.USART3_TX.0.RequestParameters=Instance,Direction,PeriphInc,MemInc,PeriphDataAlignment,MemDataAlignment,Mode,Priority,FIFOMode
FREERTOS.FootprintOK=true
FREERTOS.IPParameters=Tasks01,configENABLE_FPU,configRECORD_STACK_HIGH_ADDRESS,configTOTAL_HEAP_SIZE,configUSE_NEWLIB_REENTRANT,FootprintOK
FREERTOS.Tasks01=defaultTask,24,256,StartDefaultTask,Default,NULL,Dynamic,NULL,NULL
FREERTOS.configENABLE_FPU=1
FREERTOS.configRECORD_STACK_HIGH_ADDRESS=1
FREERTOS.configTOTAL_HEAP_SIZE=64000
FREERTOS.configUSE_NEWLIB_REENTRANT=1
File.Version=6
KeepUserPlacement=false
Mcu.CPN=STM32F405RGT6
Mcu.Family=STM32F4
Mcu.IP0=ADC1
Mcu.IP1=ADC2
Mcu.IP10=TIM1
Mcu.IP11=TIM2
Mcu.IP12=TIM3
Mcu.IP13=TIM4
Mcu.IP14=TIM7
Mcu.IP15=USART3
Mcu.IP16=USB_DEVICE
Mcu.IP17=USB_OTG_FS
Mcu.IP2=ADC3
Mcu.IP3=CAN1
Mcu.IP4=DMA
Mcu.IP5=FREERTOS
Mcu.IP6=NVIC
Mcu.IP7=RCC
Mcu.IP8=SPI3
Mcu.IP9=SYS
Mcu.IPNb=18
Mcu.Name=STM32F405RGTx
Mcu.Package=LQFP64
Mcu.Pin0=PH0-OSC_IN
Mcu.Pin1=PH1-OSC_OUT
Mcu.Pin10=PA4
Mcu.Pin11=PA5
Mcu.Pin12=PA6
Mcu.Pin13=PA7
Mcu.Pin14=PC4
Mcu.Pin15=PC5
Mcu.Pin16=PB0
Mcu.Pin17=PB1
Mcu.Pin18=PB10
Mcu.Pin19=PB11
Mcu.Pin2=PC0
Mcu.Pin20=PB12
Mcu.Pin21=PB13
Mcu.Pin22=PB14
Mcu.Pin23=PB15
Mcu.Pin24=PC6
Mcu.Pin25=PC7
Mcu.Pin26=PC8
Mcu.Pin27=PC9
Mcu.Pin28=PA8
Mcu.Pin29=PA9
Mcu.Pin3=PC1
Mcu.Pin30=PA10
Mcu.Pin31=PA11
Mcu.Pin32=PA12
Mcu.Pin33=PA13
Mcu.Pin34=PA14
Mcu.Pin35=PA15
Mcu.Pin36=PC10
Mcu.Pin37=PC11
Mcu.Pin38=PC12
Mcu.Pin39=PD2
Mcu.Pin4=PC2
Mcu.Pin40=PB3
Mcu.Pin41=PB5
Mcu.Pin42=PB7
Mcu.Pin43=PB8
Mcu.Pin44=PB9
Mcu.Pin45=VP_FREERTOS_VS_CMSIS_V2
Mcu.Pin46=VP_SYS_VS_tim6
Mcu.Pin47=VP_TIM1_VS_no_output4
Mcu.Pin48=VP_TIM2_VS_no_output1
Mcu.Pin49=VP_TIM4_VS_no_output1
Mcu.Pin5=PC3
Mcu.Pin50=VP_TIM4_VS_no_output3
Mcu.Pin51=VP_TIM7_VS_ClockSourceINT
Mcu.Pin52=VP_USB_DEVICE_VS_USB_DEVICE_CDC_FS
Mcu.Pin6=PA0-WKUP
Mcu.Pin7=PA1
Mcu.Pin8=PA2
Mcu.Pin9=PA3
Mcu.PinsNb=53
Mcu.ThirdPartyNb=0
Mcu.UserConstants=
Mcu.UserName=STM32F405RGTx
MxCube.Version=6.6.1
MxDb.Version=DB.6.0.60
NVIC.ADC_IRQn=true\:2\:0\:true\:false\:true\:false\:true\:false\:true
NVIC.BusFault_IRQn=true\:0\:0\:false\:false\:true\:false\:false\:false\:false
NVIC.CAN1_RX0_IRQn=true\:5\:0\:false\:false\:false\:true\:true\:false\:true
NVIC.DMA1_Stream1_IRQn=true\:5\:0\:false\:false\:true\:true\:false\:true\:true
NVIC.DMA1_Stream3_IRQn=true\:5\:0\:true\:false\:true\:true\:false\:true\:true
NVIC.DebugMonitor_IRQn=true\:0\:0\:false\:false\:true\:false\:false\:false\:false
NVIC.ForceEnableDMAVector=false
NVIC.HardFault_IRQn=true\:0\:0\:false\:false\:true\:false\:false\:false\:false
NVIC.MemoryManagement_IRQn=true\:0\:0\:false\:false\:true\:false\:false\:false\:false
NVIC.NonMaskableInt_IRQn=true\:0\:0\:false\:false\:true\:false\:false\:false\:false
NVIC.OTG_FS_IRQn=true\:5\:0\:true\:false\:true\:true\:true\:true\:true
NVIC.PendSV_IRQn=true\:15\:0\:true\:false\:false\:true\:false\:false\:false
NVIC.PriorityGroup=NVIC_PRIORITYGROUP_4
NVIC.SVCall_IRQn=true\:0\:0\:false\:false\:false\:false\:false\:false\:false
NVIC.SavedPendsvIrqHandlerGenerated=true
NVIC.SavedSvcallIrqHandlerGenerated=true
NVIC.SavedSystickIrqHandlerGenerated=true
NVIC.SysTick_IRQn=true\:15\:0\:true\:false\:false\:true\:false\:true\:false
NVIC.TIM1_UP_TIM10_IRQn=true\:1\:0\:true\:false\:true\:false\:true\:false\:true
NVIC.TIM2_IRQn=true\:3\:0\:true\:false\:true\:false\:true\:false\:true
NVIC.TIM4_IRQn=true\:4\:0\:true\:false\:true\:false\:true\:false\:true
NVIC.TIM6_DAC_IRQn=true\:15\:0\:false\:false\:true\:false\:false\:true\:true
NVIC.TimeBase=TIM6_DAC_IRQn
NVIC.TimeBaseIP=TIM6
NVIC.USART3_IRQn=true\:5\:0\:true\:false\:true\:true\:true\:true\:true
NVIC.UsageFault_IRQn=true\:0\:0\:false\:false\:true\:false\:false\:false\:false
PA0-WKUP.Locked=true
PA0-WKUP.Signal=ADCx_IN0
PA1.Locked=true
PA1.Signal=ADCx_IN1
PA10.Signal=S_TIM1_CH3
PA11.Mode=Device_Only
PA11.Signal=USB_OTG_FS_DM
PA12.Mode=Device_Only
PA12.Signal=USB_OTG_FS_DP
PA13.Mode=Trace_Asynchronous_SW
PA13.Signal=SYS_JTMS-SWDIO
PA14.Mode=Trace_Asynchronous_SW
PA14.Signal=SYS_JTCK-SWCLK
PA15.GPIOParameters=GPIO_Label
PA15.GPIO_Label=LED_GREEN
PA15.Locked=true
PA15.Signal=GPIO_Output
PA2.Locked=true
PA2.Signal=ADCx_IN2
PA3.Locked=true
PA3.Signal=ADCx_IN3
PA4.Signal=ADCx_IN4
PA5.Locked=true
PA5.Signal=ADCx_IN5
PA6.Locked=true
PA6.Signal=ADCx_IN6
PA7.Locked=true
PA7.Signal=ADCx_IN7
PA8.Signal=S_TIM1_CH1
PA9.Signal=S_TIM1_CH2
PB0.Locked=true
PB0.Signal=ADCx_IN8
PB1.Signal=ADCx_IN9
PB10.Locked=true
PB10.Signal=SharedStack_PB10
PB10.Stacked=true
PB11.Locked=true
PB11.Signal=SharedStack_PB11
PB11.Stacked=true
PB12.Locked=true
PB12.Mode=Activate-Break-Input
PB12.Signal=TIM1_BKIN
PB13.Locked=true
PB13.Mode=PWM Generation1 CH1 CH1N
PB13.Signal=TIM1_CH1N
PB14.Locked=true
PB14.Mode=PWM Generation2 CH2 CH2N
PB14.Signal=TIM1_CH2N
PB15.Locked=true
PB15.Mode=PWM Generation3 CH3 CH3N
PB15.Signal=TIM1_CH3N
PB3.Mode=Trace_Asynchronous_SW
PB3.Signal=SYS_JTDO-SWO
PB5.Locked=true
PB5.Signal=GPIO_Output
PB7.Locked=true
PB7.Signal=GPIO_Output
PB8.Mode=CAN_Activate
PB8.Signal=CAN1_RX
PB9.Mode=CAN_Activate
PB9.Signal=CAN1_TX
PC0.Locked=true
PC0.Signal=ADCx_IN10
PC1.Locked=true
PC1.Signal=ADCx_IN11
PC10.Locked=true
PC10.Mode=Simplex_Bidirectional_Master
PC10.Signal=SPI3_SCK
PC11.Locked=true
PC11.Signal=SPI3_MISO
PC12.Locked=true
PC12.Mode=Simplex_Bidirectional_Master
PC12.Signal=SPI3_MOSI
PC2.Locked=true
PC2.Signal=ADCx_IN12
PC3.Locked=true
PC3.Signal=ADCx_IN13
PC4.Locked=true
PC4.Signal=ADCx_IN14
PC5.Locked=true
PC5.Signal=ADCx_IN15
PC6.Signal=S_TIM3_CH1
PC7.Signal=S_TIM3_CH2
PC8.Signal=S_TIM3_CH3
PC9.GPIOParameters=GPIO_Label
PC9.GPIO_Label=LED_RED
PC9.Locked=true
PC9.Signal=GPIO_Output
PD2.Locked=true
PD2.Signal=GPIO_Output
PH0-OSC_IN.Mode=HSE-External-Oscillator
PH0-OSC_IN.Signal=RCC_OSC_IN
PH1-OSC_OUT.Mode=HSE-External-Oscillator
PH1-OSC_OUT.Signal=RCC_OSC_OUT
PinOutPanel.RotationAngle=0
ProjectManager.AskForMigrate=true
ProjectManager.BackupPrevious=false
ProjectManager.CompilerOptimize=6
ProjectManager.ComputerToolchain=false
ProjectManager.CoupleFile=false
ProjectManager.CustomerFirmwarePackage=
ProjectManager.DefaultFWLocation=true
ProjectManager.DeletePrevious=true
ProjectManager.DeviceId=STM32F405RGTx
ProjectManager.FirmwarePackage=STM32Cube FW_F4 V1.27.1
ProjectManager.FreePins=false
ProjectManager.HalAssertFull=false
ProjectManager.HeapSize=0x200
ProjectManager.KeepUserCode=true
ProjectManager.LastFirmware=true
ProjectManager.LibraryCopy=1
ProjectManager.MainLocation=Core/Src
ProjectManager.NoMain=false
ProjectManager.PreviousToolchain=
ProjectManager.ProjectBuild=false
ProjectManager.ProjectFileName=MESC_F405RG.ioc
ProjectManager.ProjectName=MESC_F405RG
ProjectManager.RegisterCallBack=
ProjectManager.StackSize=0x400
ProjectManager.TargetToolchain=STM32CubeIDE
ProjectManager.ToolChainLocation=
ProjectManager.UnderRoot=true
ProjectManager.functionlistsort=1-MX_GPIO_Init-GPIO-false-HAL-true,2-MX_DMA_Init-DMA-false-HAL-true,3-SystemClock_Config-RCC-false-HAL-false,4-MX_ADC1_Init-ADC1-false-HAL-true,5-MX_ADC2_Init-ADC2-false-HAL-true,6-MX_ADC3_Init-ADC3-false-HAL-true,7-MX_TIM1_Init-TIM1-false-HAL-true,8-MX_TIM4_Init-TIM4-false-HAL-true,9-MX_USART3_UART_Init-USART3-false-HAL-true,10-MX_TIM7_Init-TIM7-false-HAL-true,11-MX_SPI3_Init-SPI3-false-HAL-true,12-MX_USB_DEVICE_Init-USB_DEVICE-false-HAL-false,13-MX_TIM2_Init-TIM2-false-HAL-true,14-MX_TIM3_Init-TIM3-false-HAL-true,15-MX_CAN1_Init-CAN1-false-HAL-true
RCC.48MHZClocksFreq_Value=48000000
RCC.AHBFreq_Value=168000000
RCC.APB1CLKDivider=RCC_HCLK_DIV4
RCC.APB1Freq_Value=42000000
RCC.APB1TimFreq_Value=84000000
RCC.APB2CLKDivider=RCC_HCLK_DIV2
RCC.APB2Freq_Value=84000000
RCC.APB2TimFreq_Value=168000000
RCC.CortexFreq_Value=168000000
RCC.EthernetFreq_Value=168000000
RCC.FCLKCortexFreq_Value=168000000
RCC.FamilyName=M
RCC.HCLKFreq_Value=168000000
RCC.HSE_VALUE=8000000
RCC.HSI_VALUE=16000000
RCC.I2SClocksFreq_Value=192000000
RCC.IPParameters=48MHZClocksFreq_Value,AHBFreq_Value,APB1CLKDivider,APB1Freq_Value,APB1TimFreq_Value,APB2CLKDivider,APB2Freq_Value,APB2TimFreq_Value,CortexFreq_Value,EthernetFreq_Value,FCLKCortexFreq_Value,FamilyName,HCLKFreq_Value,HSE_VALUE,HSI_VALUE,I2SClocksFreq_Value,LSE_VALUE,LSI_VALUE,MCO2PinFreq_Value,PLLCLKFreq_Value,PLLM,PLLN,PLLQ,PLLQCLKFreq_Value,RTCFreq_Value,RTCHSEDivFreq_Value,SYSCLKFreq_VALUE,SYSCLKSource,VCOI2SOutputFreq_Value,VCOInputFreq_Value,VCOOutputFreq_Value,VcooutputI2S
RCC.LSE_VALUE=32768
RCC.LSI_VALUE=32000
RCC.MCO2PinFreq_Value=168000000
RCC.PLLCLKFreq_Value=168000000
RCC.PLLM=4
RCC.PLLN=168
RCC.PLLQ=7
RCC.PLLQCLKFreq_Value=48000000
RCC.RTCFreq_Value=32000
RCC.RTCHSEDivFreq_Value=4000000
RCC.SYSCLKFreq_VALUE=168000000
RCC.SYSCLKSource=RCC_SYSCLKSOURCE_PLLCLK
RCC.VCOI2SOutputFreq_Value=384000000
RCC.VCOInputFreq_Value=2000000
RCC.VCOOutputFreq_Value=336000000
RCC.VcooutputI2S=192000000
SH.ADCx_IN0.0=ADC1_IN0,IN0
SH.ADCx_IN0.ConfNb=1
SH.ADCx_IN1.0=ADC2_IN1,IN1
SH.ADCx_IN1.ConfNb=1
SH.ADCx_IN10.0=ADC1_IN10,IN10
SH.ADCx_IN10.ConfNb=1
SH.ADCx_IN11.0=ADC2_IN11,IN11
SH.ADCx_IN11.ConfNb=1
SH.ADCx_IN12.0=ADC3_IN12,IN12
SH.ADCx_IN12.ConfNb=1
SH.ADCx_IN13.0=ADC3_IN13,IN13
SH.ADCx_IN13.ConfNb=1
SH.ADCx_IN14.0=ADC2_IN14,IN14
SH.ADCx_IN14.ConfNb=1
SH.ADCx_IN15.0=ADC2_IN15,IN15
SH.ADCx_IN15.ConfNb=1
SH.ADCx_IN2.0=ADC3_IN2,IN2
SH.ADCx_IN2.ConfNb=1
SH.ADCx_IN3.0=ADC1_IN3,IN3
SH.ADCx_IN3.ConfNb=1
SH.ADCx_IN4.0=ADC1_IN4,IN4
SH.ADCx_IN4.ConfNb=1
SH.ADCx_IN5.0=ADC1_IN5,IN5
SH.ADCx_IN5.ConfNb=1
SH.ADCx_IN6.0=ADC1_IN6,IN6
SH.ADCx_IN6.ConfNb=1
SH.ADCx_IN7.0=ADC1_IN7,IN7
SH.ADCx_IN7.ConfNb=1
SH.ADCx_IN8.0=ADC2_IN8,IN8
SH.ADCx_IN8.ConfNb=1
SH.ADCx_IN9.0=ADC2_IN9,IN9
SH.ADCx_IN9.ConfNb=1
SH.S_TIM1_CH1.0=TIM1_CH1,PWM Generation1 CH1 CH1N
SH.S_TIM1_CH1.ConfNb=1
SH.S_TIM1_CH2.0=TIM1_CH2,PWM Generation2 CH2 CH2N
SH.S_TIM1_CH2.ConfNb=1
SH.S_TIM1_CH3.0=TIM1_CH3,PWM Generation3 CH3 CH3N
SH.S_TIM1_CH3.ConfNb=1
SH.S_TIM3_CH1.0=TIM3_CH1,Encoder_Interface
SH.S_TIM3_CH1.ConfNb=1
SH.S_TIM3_CH2.0=TIM3_CH2,Encoder_Interface
SH.S_TIM3_CH2.ConfNb=1
SH.S_TIM3_CH3.0=TIM3_CH3,Input_Capture3_from_TI3
SH.S_TIM3_CH3.ConfNb=1
SH.SharedStack_PB10.0=USART3_TX,Asynchronous
SH.SharedStack_PB10.1=I2C2_SCL
SH.SharedStack_PB10.ConfNb=2
SH.SharedStack_PB11.0=USART3_RX,Asynchronous
SH.SharedStack_PB11.1=I2C2_SDA
SH.SharedStack_PB11.ConfNb=2
SPI3.BaudRatePrescaler=SPI_BAUDRATEPRESCALER_8
SPI3.CLKPhase=SPI_PHASE_2EDGE
SPI3.CalculateBaudRate=5.25 MBits/s
SPI3.DataSize=SPI_DATASIZE_16BIT
SPI3.Direction=SPI_DIRECTION_1LINE
SPI3.IPParameters=VirtualType,Mode,Direction,CalculateBaudRate,BaudRatePrescaler,DataSize,CLKPhase
SPI3.Mode=SPI_MODE_MASTER
SPI3.VirtualType=VM_MASTER
TIM1.BreakPolarity=TIM_BREAKPOLARITY_LOW
TIM1.Channel-PWM\ Generation1\ CH1\ CH1N=TIM_CHANNEL_1
TIM1.Channel-PWM\ Generation2\ CH2\ CH2N=TIM_CHANNEL_2
TIM1.Channel-PWM\ Generation3\ CH3\ CH3N=TIM_CHANNEL_3
TIM1.Channel-PWM\ Generation4\ No\ Output=TIM_CHANNEL_4
TIM1.CounterMode=TIM_COUNTERMODE_CENTERALIGNED1
TIM1.DeadTime=80
TIM1.IPParameters=Channel-PWM Generation1 CH1 CH1N,Channel-PWM Generation2 CH2 CH2N,Channel-PWM Generation4 No Output,Prescaler,CounterMode,Period,TIM_MasterOutputTrigger,DeadTime,OffStateRunMode,OffStateIDLEMode,Pulse-PWM Generation1 CH1 CH1N,Pulse-PWM Generation2 CH2 CH2N,Channel-PWM Generation3 CH3 CH3N,Pulse-PWM Generation3 CH3 CH3N,BreakPolarity,Pulse-PWM Generation4 No Output
TIM1.OffStateIDLEMode=TIM_OSSI_ENABLE
TIM1.OffStateRunMode=TIM_OSSR_ENABLE
TIM1.Period=1023
TIM1.Prescaler=1
TIM1.Pulse-PWM\ Generation1\ CH1\ CH1N=512
TIM1.Pulse-PWM\ Generation2\ CH2\ CH2N=512
TIM1.Pulse-PWM\ Generation3\ CH3\ CH3N=512
TIM1.Pulse-PWM\ Generation4\ No\ Output=512
TIM1.TIM_MasterOutputTrigger=TIM_TRGO_OC4REF
TIM2.Channel-PWM\ Generation1\ No\ Output=TIM_CHANNEL_1
TIM2.IPParameters=Prescaler,Period,Channel-PWM Generation1 No Output,TIM_MasterOutputTrigger
TIM2.Period=9999
TIM2.Prescaler=83
TIM2.TIM_MasterOutputTrigger=TIM_TRGO_UPDATE
TIM3.Channel-Input_Capture3_from_TI3=TIM_CHANNEL_3
TIM3.EncoderMode=TIM_ENCODERMODE_TI12
TIM3.IPParameters=EncoderMode,Period,Channel-Input_Capture3_from_TI3
TIM3.Period=4096
TIM4.Channel-Output\ Compare3\ No\ Output=TIM_CHANNEL_3
TIM4.Channel-PWM\ Generation1\ No\ Output=TIM_CHANNEL_1
TIM4.CounterMode=TIM_COUNTERMODE_UP
TIM4.IPParameters=Prescaler,CounterMode,Channel-Output Compare3 No Output,Channel-PWM Generation1 No Output
TIM4.Prescaler=83
USART3.BaudRate=9600
USART3.IPParameters=VirtualMode,BaudRate
USART3.VirtualMode=VM_ASYNC
USB_DEVICE.APP_RX_DATA_SIZE-CDC_FS=2048
USB_DEVICE.APP_TX_DATA_SIZE-CDC_FS=2048
USB_DEVICE.CLASS_NAME_FS=CDC
USB_DEVICE.IPParameters=VirtualMode-CDC_FS,VirtualModeFS,CLASS_NAME_FS,APP_RX_DATA_SIZE-CDC_FS,APP_TX_DATA_SIZE-CDC_FS
USB_DEVICE.VirtualMode-CDC_FS=Cdc
USB_DEVICE.VirtualModeFS=Cdc_FS
USB_OTG_FS.IPParameters=VirtualMode
USB_OTG_FS.VirtualMode=Device_Only
VP_FREERTOS_VS_CMSIS_V2.Mode=CMSIS_V2
VP_FREERTOS_VS_CMSIS_V2.Signal=FREERTOS_VS_CMSIS_V2
VP_SYS_VS_tim6.Mode=TIM6
VP_SYS_VS_tim6.Signal=SYS_VS_tim6
VP_TIM1_VS_no_output4.Mode=PWM Generation4 No Output
VP_TIM1_VS_no_output4.Signal=TIM1_VS_no_output4
VP_TIM2_VS_no_output1.Mode=PWM Generation1 No Output
VP_TIM2_VS_no_output1.Signal=TIM2_VS_no_output1
VP_TIM4_VS_no_output1.Mode=PWM Generation1 No Output
VP_TIM4_VS_no_output1.Signal=TIM4_VS_no_output1
VP_TIM4_VS_no_output3.Mode=Output Compare3 No Output
VP_TIM4_VS_no_output3.Signal=TIM4_VS_no_output3
VP_TIM7_VS_ClockSourceINT.Mode=Enable_Timer
VP_TIM7_VS_ClockSourceINT.Signal=TIM7_VS_ClockSourceINT
VP_USB_DEVICE_VS_USB_DEVICE_CDC_FS.Mode=CDC_FS
VP_USB_DEVICE_VS_USB_DEVICE_CDC_FS.Signal=USB_DEVICE_VS_USB_DEVICE_CDC_FS
board=custom
isbadioc=false
