#MicroXplorer Configuration settings - do not modify
ADC1.Channel-0\#ChannelRegularConversion=ADC_CHANNEL_0
ADC1.Channel-1\#ChannelInjectedConversion=ADC_CHANNEL_0
ADC1.Channel-2\#ChannelInjectedConversion=ADC_CHANNEL_10
ADC1.Channel-3\#ChannelInjectedConversion=ADC_CHANNEL_13
ADC1.ContinuousConvMode=DISABLE
ADC1.ExternalTrigInjecConv=ADC_INJECTED_SOFTWARE_START
ADC1.IPParameters=Rank-0\#ChannelRegularConversion,master,Channel-0\#ChannelRegularConversion,SamplingTime-0\#ChannelRegularConversion,NbrOfConversionFlag,Mode,InjectedRank-1\#ChannelInjectedConversion,Channel-1\#ChannelInjectedConversion,SamplingTime-1\#ChannelInjectedConversion,InjectedOffset-1\#ChannelInjectedConversion,InjNumberOfConversion,ExternalTrigInjecConv,InjectedRank-2\#ChannelInjectedConversion,Channel-2\#ChannelInjectedConversion,SamplingTime-2\#ChannelInjectedConversion,InjectedOffset-2\#ChannelInjectedConversion,InjectedRank-3\#ChannelInjectedConversion,Channel-3\#ChannelInjectedConversion,SamplingTime-3\#ChannelInjectedConversion,InjectedOffset-3\#ChannelInjectedConversion,InjectedConvMode,ContinuousConvMode,NbrOfConversion
ADC1.InjNumberOfConversion=3
ADC1.InjectedConvMode=Discontinuous
ADC1.InjectedOffset-1\#ChannelInjectedConversion=0
ADC1.InjectedOffset-2\#ChannelInjectedConversion=0
ADC1.InjectedOffset-3\#ChannelInjectedConversion=0
ADC1.InjectedRank-1\#ChannelInjectedConversion=1
ADC1.InjectedRank-2\#ChannelInjectedConversion=2
ADC1.InjectedRank-3\#ChannelInjectedConversion=3
ADC1.Mode=__NULL
ADC1.NbrOfConversion=1
ADC1.NbrOfConversionFlag=1
ADC1.Rank-0\#ChannelRegularConversion=1
ADC1.SamplingTime-0\#ChannelRegularConversion=ADC_SAMPLETIME_3CYCLES
ADC1.SamplingTime-1\#ChannelInjectedConversion=ADC_SAMPLETIME_112CYCLES
ADC1.SamplingTime-2\#ChannelInjectedConversion=ADC_SAMPLETIME_112CYCLES
ADC1.SamplingTime-3\#ChannelInjectedConversion=ADC_SAMPLETIME_112CYCLES
ADC1.master=1
ADC3.Channel-0\#ChannelRegularConversion=ADC_CHANNEL_12
ADC3.Channel-1\#ChannelInjectedConversion=ADC_CHANNEL_12
ADC3.ExternalTrigInjecConv=ADC_EXTERNALTRIGINJECCONV_T1_TRGO
ADC3.IPParameters=Rank-0\#ChannelRegularConversion,Channel-0\#ChannelRegularConversion,SamplingTime-0\#ChannelRegularConversion,NbrOfConversionFlag,InjectedRank-1\#ChannelInjectedConversion,Channel-1\#ChannelInjectedConversion,SamplingTime-1\#ChannelInjectedConversion,InjectedOffset-1\#ChannelInjectedConversion,InjNumberOfConversion,ExternalTrigInjecConv
ADC3.InjNumberOfConversion=1
ADC3.InjectedOffset-1\#ChannelInjectedConversion=0
ADC3.InjectedRank-1\#ChannelInjectedConversion=1
ADC3.NbrOfConversionFlag=1
ADC3.Rank-0\#ChannelRegularConversion=1
ADC3.SamplingTime-0\#ChannelRegularConversion=ADC_SAMPLETIME_3CYCLES
ADC3.SamplingTime-1\#ChannelInjectedConversion=ADC_SAMPLETIME_3CYCLES
CAN1.BS1=CAN_BS1_11TQ
CAN1.BS2=CAN_BS2_2TQ
CAN1.CalculateBaudRate=500000
CAN1.CalculateTimeBit=2000
CAN1.CalculateTimeQuantum=142.85714285714286
CAN1.IPParameters=CalculateTimeQuantum,CalculateTimeBit,CalculateBaudRate,BS1,BS2,Prescaler,SJW,TXFP,NART
CAN1.NART=DISABLE
CAN1.Prescaler=6
CAN1.SJW=CAN_SJW_2TQ
CAN1.TXFP=ENABLE
Dma.Request0=USART1_RX
Dma.Request1=USART1_TX
Dma.Request2=SDIO_RX
Dma.Request3=SDIO_TX
Dma.Request4=USART2_RX
Dma.Request5=USART2_TX
Dma.RequestsNb=6
Dma.SDIO_RX.2.Direction=DMA_PERIPH_TO_MEMORY
Dma.SDIO_RX.2.FIFOMode=DMA_FIFOMODE_ENABLE
Dma.SDIO_RX.2.FIFOThreshold=DMA_FIFO_THRESHOLD_FULL
Dma.SDIO_RX.2.Instance=DMA2_Stream3
Dma.SDIO_RX.2.MemBurst=DMA_MBURST_INC4
Dma.SDIO_RX.2.MemDataAlignment=DMA_MDATAALIGN_WORD
Dma.SDIO_RX.2.MemInc=DMA_MINC_ENABLE
Dma.SDIO_RX.2.Mode=DMA_PFCTRL
Dma.SDIO_RX.2.PeriphBurst=DMA_PBURST_INC4
Dma.SDIO_RX.2.PeriphDataAlignment=DMA_PDATAALIGN_WORD
Dma.SDIO_RX.2.PeriphInc=DMA_PINC_DISABLE
Dma.SDIO_RX.2.Priority=DMA_PRIORITY_LOW
Dma.SDIO_RX.2.RequestParameters=Instance,Direction,PeriphInc,MemInc,PeriphDataAlignment,MemDataAlignment,Mode,Priority,FIFOMode,FIFOThreshold,MemBurst,PeriphBurst
Dma.SDIO_TX.3.Direction=DMA_MEMORY_TO_PERIPH
Dma.SDIO_TX.3.FIFOMode=DMA_FIFOMODE_ENABLE
Dma.SDIO_TX.3.FIFOThreshold=DMA_FIFO_THRESHOLD_FULL
Dma.SDIO_TX.3.Instance=DMA2_Stream6
Dma.SDIO_TX.3.MemBurst=DMA_MBURST_INC4
Dma.SDIO_TX.3.MemDataAlignment=DMA_MDATAALIGN_WORD
Dma.SDIO_TX.3.MemInc=DMA_MINC_ENABLE
Dma.SDIO_TX.3.Mode=DMA_PFCTRL
Dma.SDIO_TX.3.PeriphBurst=DMA_PBURST_INC4
Dma.SDIO_TX.3.PeriphDataAlignment=DMA_PDATAALIGN_WORD
Dma.SDIO_TX.3.PeriphInc=DMA_PINC_DISABLE
Dma.SDIO_TX.3.Priority=DMA_PRIORITY_LOW
Dma.SDIO_TX.3.RequestParameters=Instance,Direction,PeriphInc,MemInc,PeriphDataAlignment,MemDataAlignment,Mode,Priority,FIFOMode,FIFOThreshold,MemBurst,PeriphBurst
Dma.USART1_RX.0.Direction=DMA_PERIPH_TO_MEMORY
Dma.USART1_RX.0.FIFOMode=DMA_FIFOMODE_DISABLE
Dma.USART1_RX.0.Instance=DMA2_Stream2
Dma.USART1_RX.0.MemDataAlignment=DMA_MDATAALIGN_BYTE
Dma.USART1_RX.0.MemInc=DMA_MINC_ENABLE
Dma.USART1_RX.0.Mode=DMA_CIRCULAR
Dma.USART1_RX.0.PeriphDataAlignment=DMA_PDATAALIGN_BYTE
Dma.USART1_RX.0.PeriphInc=DMA_PINC_DISABLE
Dma.USART1_RX.0.Priority=DMA_PRIORITY_LOW
Dma.USART1_RX.0.RequestParameters=Instance,Direction,PeriphInc,MemInc,PeriphDataAlignment,MemDataAlignment,Mode,Priority,FIFOMode
Dma.USART1_TX.1.Direction=DMA_MEMORY_TO_PERIPH
Dma.USART1_TX.1.FIFOMode=DMA_FIFOMODE_DISABLE
Dma.USART1_TX.1.Instance=DMA2_Stream7
Dma.USART1_TX.1.MemDataAlignment=DMA_MDATAALIGN_BYTE
Dma.USART1_TX.1.MemInc=DMA_MINC_ENABLE
Dma.USART1_TX.1.Mode=DMA_NORMAL
Dma.USART1_TX.1.PeriphDataAlignment=DMA_PDATAALIGN_BYTE
Dma.USART1_TX.1.PeriphInc=DMA_PINC_DISABLE
Dma.USART1_TX.1.Priority=DMA_PRIORITY_LOW
Dma.USART1_TX.1.RequestParameters=Instance,Direction,PeriphInc,MemInc,PeriphDataAlignment,MemDataAlignment,Mode,Priority,FIFOMode
Dma.USART2_RX.4.Direction=DMA_PERIPH_TO_MEMORY
Dma.USART2_RX.4.FIFOMode=DMA_FIFOMODE_DISABLE
Dma.USART2_RX.4.Instance=DMA1_Stream5
Dma.USART2_RX.4.MemDataAlignment=DMA_MDATAALIGN_BYTE
Dma.USART2_RX.4.MemInc=DMA_MINC_ENABLE
Dma.USART2_RX.4.Mode=DMA_NORMAL
Dma.USART2_RX.4.PeriphDataAlignment=DMA_PDATAALIGN_BYTE
Dma.USART2_RX.4.PeriphInc=DMA_PINC_DISABLE
Dma.USART2_RX.4.Priority=DMA_PRIORITY_LOW
Dma.USART2_RX.4.RequestParameters=Instance,Direction,PeriphInc,MemInc,PeriphDataAlignment,MemDataAlignment,Mode,Priority,FIFOMode
Dma.USART2_TX.5.Direction=DMA_MEMORY_TO_PERIPH
Dma.USART2_TX.5.FIFOMode=DMA_FIFOMODE_DISABLE
Dma.USART2_TX.5.Instance=DMA1_Stream6
Dma.USART2_TX.5.MemDataAlignment=DMA_MDATAALIGN_BYTE
Dma.USART2_TX.5.MemInc=DMA_MINC_ENABLE
Dma.USART2_TX.5.Mode=DMA_NORMAL
Dma.USART2_TX.5.PeriphDataAlignment=DMA_PDATAALIGN_BYTE
Dma.USART2_TX.5.PeriphInc=DMA_PINC_DISABLE
Dma.USART2_TX.5.Priority=DMA_PRIORITY_LOW
Dma.USART2_TX.5.RequestParameters=Instance,Direction,PeriphInc,MemInc,PeriphDataAlignment,MemDataAlignment,Mode,Priority,FIFOMode
ETH.IPParameters=MediaInterface,PHY_Name_RMII,PHY_SPEED_STATUS,PHY_DUPLEX_STATUS,PHY_ISFR_INT4,PHY_SR
ETH.MediaInterface=HAL_ETH_RMII_MODE
ETH.PHY_DUPLEX_STATUS=0x0010
ETH.PHY_ISFR_INT4=0x0010
ETH.PHY_Name_RMII=LAN8742A_PHY_ADDRESS
ETH.PHY_SPEED_STATUS=0x0004
ETH.PHY_SR=0x1F
FATFS.BSP.number=1
FATFS.IPParameters=_USE_LFN,_FS_RPATH,_USE_MUTEX,_USE_STRFUNC,_FS_EXFAT
FATFS._FS_EXFAT=0
FATFS._FS_RPATH=2
FATFS._USE_LFN=3
FATFS._USE_MUTEX=1
FATFS._USE_STRFUNC=2
FATFS0.BSP.STBoard=false
FATFS0.BSP.api=Unknown
FATFS0.BSP.component=
FATFS0.BSP.condition=
FATFS0.BSP.instance=PE4
FATFS0.BSP.ip=GPIO
FATFS0.BSP.mode=Input
FATFS0.BSP.name=Detect_SDIO
FATFS0.BSP.semaphore=
FATFS0.BSP.solution=PE4
FREERTOS.IPParameters=Tasks01,configUSE_NEWLIB_REENTRANT,configTOTAL_HEAP_SIZE
FREERTOS.Tasks01=defaultTask,24,128,StartDefaultTask,Default,NULL,Dynamic,NULL,NULL
FREERTOS.configTOTAL_HEAP_SIZE=64000
FREERTOS.configUSE_NEWLIB_REENTRANT=1
File.Version=6
GPIO.groupedBy=Group By Peripherals
I2C1.I2C_Mode=I2C_Fast
I2C1.IPParameters=I2C_Mode
KeepUserPlacement=false
LWIP.BSP.number=1
LWIP.GATEWAY_ADDRESS=192.168.050.001
LWIP.IPParameters=LWIP_DHCP,IP_ADDRESS,NETMASK_ADDRESS,GATEWAY_ADDRESS,LWIP_DNS
LWIP.IP_ADDRESS=192.168.050.200
LWIP.LWIP_DHCP=1
LWIP.LWIP_DNS=1
LWIP.NETMASK_ADDRESS=255.255.255.000
LWIP.Version=v2.1.2_Cube
LWIP0.BSP.STBoard=false
LWIP0.BSP.api=BSP_COMPONENT_DRIVER
LWIP0.BSP.component=LAN8742
LWIP0.BSP.condition=
LWIP0.BSP.instance=LAN8742
LWIP0.BSP.ip=
LWIP0.BSP.mode=
LWIP0.BSP.name=Driver_PHY
LWIP0.BSP.semaphore=S_LAN8742
LWIP0.BSP.solution=LAN8742
Mcu.CPN=STM32F407VET6
Mcu.Family=STM32F4
Mcu.IP0=ADC1
Mcu.IP1=ADC3
Mcu.IP10=RCC
Mcu.IP11=SDIO
Mcu.IP12=SPI1
Mcu.IP13=SYS
Mcu.IP14=TIM1
Mcu.IP15=TIM6
Mcu.IP16=USART1
Mcu.IP17=USART2
Mcu.IP18=USB_DEVICE
Mcu.IP19=USB_OTG_FS
Mcu.IP2=CAN1
Mcu.IP3=DMA
Mcu.IP4=ETH
Mcu.IP5=FATFS
Mcu.IP6=FREERTOS
Mcu.IP7=I2C1
Mcu.IP8=LWIP
Mcu.IP9=NVIC
Mcu.IPNb=20
Mcu.Name=STM32F407V(E-G)Tx
Mcu.Package=LQFP100
Mcu.Pin0=PE3
Mcu.Pin1=PE4
Mcu.Pin10=PA2
Mcu.Pin11=PA3
Mcu.Pin12=PA5
Mcu.Pin13=PA6
Mcu.Pin14=PA7
Mcu.Pin15=PC4
Mcu.Pin16=PC5
Mcu.Pin17=PB0
Mcu.Pin18=PB11
Mcu.Pin19=PB12
Mcu.Pin2=PH0-OSC_IN
Mcu.Pin20=PB13
Mcu.Pin21=PC8
Mcu.Pin22=PC9
Mcu.Pin23=PA9
Mcu.Pin24=PA10
Mcu.Pin25=PA11
Mcu.Pin26=PA12
Mcu.Pin27=PC10
Mcu.Pin28=PC11
Mcu.Pin29=PC12
Mcu.Pin3=PH1-OSC_OUT
Mcu.Pin30=PD0
Mcu.Pin31=PD1
Mcu.Pin32=PD2
Mcu.Pin33=PD4
Mcu.Pin34=PD5
Mcu.Pin35=PB4
Mcu.Pin36=PB5
Mcu.Pin37=PB6
Mcu.Pin38=PB7
Mcu.Pin39=VP_FATFS_VS_SDIO
Mcu.Pin4=PC0
Mcu.Pin40=VP_FREERTOS_VS_CMSIS_V2
Mcu.Pin41=VP_LWIP_VS_Enabled
Mcu.Pin42=VP_SYS_VS_tim5
Mcu.Pin43=VP_TIM1_VS_ClockSourceINT
Mcu.Pin44=VP_TIM6_VS_ClockSourceINT
Mcu.Pin45=VP_USB_DEVICE_VS_USB_DEVICE_CDC_FS
Mcu.Pin5=PC1
Mcu.Pin6=PC2
Mcu.Pin7=PC3
Mcu.Pin8=PA0-WKUP
Mcu.Pin9=PA1
Mcu.PinsNb=46
Mcu.ThirdPartyNb=0
Mcu.UserConstants=
Mcu.UserName=STM32F407VETx
MxCube.Version=6.6.1
MxDb.Version=DB.6.0.60
NVIC.BusFault_IRQn=true\:0\:0\:false\:false\:true\:false\:false\:false\:false
NVIC.CAN1_RX0_IRQn=true\:5\:0\:false\:false\:false\:true\:true\:true\:true
NVIC.DMA1_Stream5_IRQn=true\:5\:0\:false\:false\:true\:true\:false\:true\:true
NVIC.DMA1_Stream6_IRQn=true\:5\:0\:false\:false\:true\:true\:false\:true\:true
NVIC.DMA2_Stream2_IRQn=true\:5\:0\:false\:false\:true\:true\:false\:true\:true
NVIC.DMA2_Stream3_IRQn=true\:5\:0\:false\:false\:true\:true\:false\:true\:true
NVIC.DMA2_Stream6_IRQn=true\:5\:0\:false\:false\:true\:true\:false\:true\:true
NVIC.DMA2_Stream7_IRQn=true\:5\:0\:false\:false\:true\:true\:false\:true\:true
NVIC.DebugMonitor_IRQn=true\:0\:0\:false\:false\:true\:false\:false\:false\:false
NVIC.ETH_IRQn=true\:5\:0\:false\:false\:true\:true\:false\:true\:true
NVIC.ForceEnableDMAVector=true
NVIC.HardFault_IRQn=true\:0\:0\:false\:false\:true\:false\:false\:false\:false
NVIC.MemoryManagement_IRQn=true\:0\:0\:false\:false\:true\:false\:false\:false\:false
NVIC.NonMaskableInt_IRQn=true\:0\:0\:false\:false\:true\:false\:false\:false\:false
NVIC.OTG_FS_IRQn=true\:5\:0\:false\:false\:true\:true\:false\:true\:true
NVIC.PendSV_IRQn=true\:15\:0\:false\:false\:false\:true\:false\:false\:false
NVIC.PriorityGroup=NVIC_PRIORITYGROUP_4
NVIC.SDIO_IRQn=true\:5\:0\:false\:false\:true\:true\:true\:true\:true
NVIC.SVCall_IRQn=true\:0\:0\:false\:false\:false\:false\:false\:false\:false
NVIC.SavedPendsvIrqHandlerGenerated=true
NVIC.SavedSvcallIrqHandlerGenerated=true
NVIC.SavedSystickIrqHandlerGenerated=true
NVIC.SysTick_IRQn=true\:15\:0\:false\:false\:false\:true\:false\:true\:false
NVIC.TIM5_IRQn=true\:15\:0\:false\:false\:true\:false\:false\:true\:true
NVIC.TimeBase=TIM5_IRQn
NVIC.TimeBaseIP=TIM5
NVIC.USART1_IRQn=true\:5\:0\:false\:false\:true\:true\:true\:true\:true
NVIC.UsageFault_IRQn=true\:0\:0\:false\:false\:true\:false\:false\:false\:false
PA0-WKUP.GPIOParameters=GPIO_Label
PA0-WKUP.GPIO_Label=AI_0
PA0-WKUP.Signal=ADCx_IN0
PA1.Mode=RMII
PA1.Signal=ETH_REF_CLK
PA10.Mode=Asynchronous
PA10.Signal=USART1_RX
PA11.Mode=Device_Only
PA11.Signal=USB_OTG_FS_DM
PA12.Mode=Device_Only
PA12.Signal=USB_OTG_FS_DP
PA2.Mode=RMII
PA2.Signal=ETH_MDIO
PA3.Mode=Asynchronous
PA3.Signal=USART2_RX
PA5.Mode=Full_Duplex_Master
PA5.Signal=SPI1_SCK
PA6.GPIOParameters=GPIO_Label
PA6.GPIO_Label=LED1
PA6.Locked=true
PA6.Signal=GPIO_Output
PA7.Mode=RMII
PA7.Signal=ETH_CRS_DV
PA9.Mode=Asynchronous
PA9.Signal=USART1_TX
PB0.GPIOParameters=GPIO_Label
PB0.GPIO_Label=FLASH_CS
PB0.Locked=true
PB0.Signal=GPIO_Output
PB11.Mode=RMII
PB11.Signal=ETH_TX_EN
PB12.Mode=RMII
PB12.Signal=ETH_TXD0
PB13.Mode=RMII
PB13.Signal=ETH_TXD1
PB4.Mode=Full_Duplex_Master
PB4.Signal=SPI1_MISO
PB5.Mode=Full_Duplex_Master
PB5.Signal=SPI1_MOSI
PB6.Mode=I2C
PB6.Signal=I2C1_SCL
PB7.Mode=I2C
PB7.Signal=I2C1_SDA
PC0.GPIOParameters=GPIO_Label
PC0.GPIO_Label=AI_1
PC0.Locked=true
PC0.Signal=ADCx_IN10
PC1.Mode=RMII
PC1.Signal=ETH_MDC
PC10.GPIOParameters=GPIO_PuPd
PC10.GPIO_PuPd=GPIO_PULLUP
PC10.Mode=SD_4_bits_Wide_bus
PC10.Signal=SDIO_D2
PC11.GPIOParameters=GPIO_PuPd
PC11.GPIO_PuPd=GPIO_PULLUP
PC11.Mode=SD_4_bits_Wide_bus
PC11.Signal=SDIO_D3
PC12.Mode=SD_4_bits_Wide_bus
PC12.Signal=SDIO_CK
PC2.GPIOParameters=GPIO_Label
PC2.GPIO_Label=AI_2
PC2.Locked=true
PC2.Signal=ADCx_IN12
PC3.GPIOParameters=GPIO_Label
PC3.GPIO_Label=BUS_VOLT
PC3.Locked=true
PC3.Signal=ADCx_IN13
PC4.Mode=RMII
PC4.Signal=ETH_RXD0
PC5.Mode=RMII
PC5.Signal=ETH_RXD1
PC8.GPIOParameters=GPIO_PuPd
PC8.GPIO_PuPd=GPIO_PULLUP
PC8.Mode=SD_4_bits_Wide_bus
PC8.Signal=SDIO_D0
PC9.GPIOParameters=GPIO_PuPd
PC9.GPIO_PuPd=GPIO_PULLUP
PC9.Mode=SD_4_bits_Wide_bus
PC9.Signal=SDIO_D1
PD0.Mode=CAN_Activate
PD0.Signal=CAN1_RX
PD1.Mode=CAN_Activate
PD1.Signal=CAN1_TX
PD2.GPIOParameters=GPIO_PuPd
PD2.GPIO_PuPd=GPIO_PULLUP
PD2.Mode=SD_4_bits_Wide_bus
PD2.Signal=SDIO_CMD
PD4.GPIOParameters=GPIO_Speed,PinState
PD4.GPIO_Speed=GPIO_SPEED_FREQ_VERY_HIGH
PD4.Locked=true
PD4.PinState=GPIO_PIN_RESET
PD4.Signal=GPIO_Output
PD5.Mode=Asynchronous
PD5.Signal=USART2_TX
PE3.GPIOParameters=GPIO_Label
PE3.GPIO_Label=KEY1
PE3.Locked=true
PE3.Signal=GPIO_Input
PE4.GPIOParameters=GPIO_Label
PE4.GPIO_Label=KEY0
PE4.Locked=true
PE4.Signal=GPIO_Input
PH0-OSC_IN.Mode=HSE-External-Oscillator
PH0-OSC_IN.Signal=RCC_OSC_IN
PH1-OSC_OUT.Mode=HSE-External-Oscillator
PH1-OSC_OUT.Signal=RCC_OSC_OUT
PinOutPanel.RotationAngle=0
ProjectManager.AskForMigrate=true
ProjectManager.BackupPrevious=false
ProjectManager.CompilerOptimize=6
ProjectManager.ComputerToolchain=false
ProjectManager.CoupleFile=true
ProjectManager.CustomerFirmwarePackage=
ProjectManager.DefaultFWLocation=true
ProjectManager.DeletePrevious=true
ProjectManager.DeviceId=STM32F407VETx
ProjectManager.FirmwarePackage=STM32Cube FW_F4 V1.27.1
ProjectManager.FreePins=false
ProjectManager.HalAssertFull=false
ProjectManager.HeapSize=0x200
ProjectManager.KeepUserCode=true
ProjectManager.LastFirmware=true
ProjectManager.LibraryCopy=1
ProjectManager.MainLocation=Core/Src
ProjectManager.NoMain=false
ProjectManager.PreviousToolchain=
ProjectManager.ProjectBuild=false
ProjectManager.ProjectFileName=DASH_F407VET6.ioc
ProjectManager.ProjectName=DASH_F407VET6
ProjectManager.RegisterCallBack=
ProjectManager.StackSize=0x400
ProjectManager.TargetToolchain=STM32CubeIDE
ProjectManager.ToolChainLocation=
ProjectManager.UnderRoot=true
ProjectManager.functionlistsort=1-SystemClock_Config-RCC-false-HAL-false,2-MX_GPIO_Init-GPIO-false-HAL-true,3-MX_DMA_Init-DMA-false-HAL-true,4-MX_USB_DEVICE_Init-USB_DEVICE-false-HAL-false,5-MX_USART1_UART_Init-USART1-false-HAL-true,6-MX_ADC1_Init-ADC1-false-HAL-true,7-MX_ADC3_Init-ADC3-false-HAL-true,8-MX_SPI1_Init-SPI1-false-HAL-true,9-MX_TIM1_Init-TIM1-false-HAL-true,10-MX_SDIO_SD_Init-SDIO-false-HAL-true,11-MX_FATFS_Init-FATFS-false-HAL-false,12-MX_LWIP_Init-LWIP-false-HAL-false,13-MX_USART2_UART_Init-USART2-false-HAL-true,14-MX_TIM6_Init-TIM6-false-HAL-true,15-MX_CAN1_Init-CAN1-false-HAL-true,16-MX_I2C1_Init-I2C1-false-HAL-true
RCC.48MHZClocksFreq_Value=48000000
RCC.AHBFreq_Value=168000000
RCC.APB1CLKDivider=RCC_HCLK_DIV4
RCC.APB1Freq_Value=42000000
RCC.APB1TimFreq_Value=84000000
RCC.APB2CLKDivider=RCC_HCLK_DIV2
RCC.APB2Freq_Value=84000000
RCC.APB2TimFreq_Value=168000000
RCC.CortexFreq_Value=168000000
RCC.EthernetFreq_Value=168000000
RCC.FCLKCortexFreq_Value=168000000
RCC.FamilyName=M
RCC.HCLKFreq_Value=168000000
RCC.HSE_VALUE=8000000
RCC.HSI_VALUE=16000000
RCC.I2SClocksFreq_Value=96000000
RCC.IPParameters=48MHZClocksFreq_Value,AHBFreq_Value,APB1CLKDivider,APB1Freq_Value,APB1TimFreq_Value,APB2CLKDivider,APB2Freq_Value,APB2TimFreq_Value,CortexFreq_Value,EthernetFreq_Value,FCLKCortexFreq_Value,FamilyName,HCLKFreq_Value,HSE_VALUE,HSI_VALUE,I2SClocksFreq_Value,LSE_VALUE,LSI_VALUE,MCO2PinFreq_Value,PLLCLKFreq_Value,PLLM,PLLN,PLLQ,PLLQCLKFreq_Value,RTCFreq_Value,RTCHSEDivFreq_Value,SYSCLKFreq_VALUE,SYSCLKSource,VCOI2SOutputFreq_Value,VCOInputFreq_Value,VCOOutputFreq_Value,VcooutputI2S
RCC.LSE_VALUE=32768
RCC.LSI_VALUE=32000
RCC.MCO2PinFreq_Value=168000000
RCC.PLLCLKFreq_Value=168000000
RCC.PLLM=8
RCC.PLLN=336
RCC.PLLQ=7
RCC.PLLQCLKFreq_Value=48000000
RCC.RTCFreq_Value=32000
RCC.RTCHSEDivFreq_Value=4000000
RCC.SYSCLKFreq_VALUE=168000000
RCC.SYSCLKSource=RCC_SYSCLKSOURCE_PLLCLK
RCC.VCOI2SOutputFreq_Value=192000000
RCC.VCOInputFreq_Value=1000000
RCC.VCOOutputFreq_Value=336000000
RCC.VcooutputI2S=96000000
SDIO.ClockDiv=0
SDIO.HardwareFlowControl=SDIO_HARDWARE_FLOW_CONTROL_DISABLE
SDIO.IPParameters=ClockDiv,HardwareFlowControl
SH.ADCx_IN0.0=ADC1_IN0,IN0
SH.ADCx_IN0.ConfNb=1
SH.ADCx_IN10.0=ADC1_IN10,IN10
SH.ADCx_IN10.ConfNb=1
SH.ADCx_IN12.0=ADC3_IN12,IN12
SH.ADCx_IN12.ConfNb=1
SH.ADCx_IN13.0=ADC1_IN13,IN13
SH.ADCx_IN13.ConfNb=1
SPI1.CalculateBaudRate=42.0 MBits/s
SPI1.Direction=SPI_DIRECTION_2LINES
SPI1.IPParameters=VirtualType,Mode,Direction,CalculateBaudRate
SPI1.Mode=SPI_MODE_MASTER
SPI1.VirtualType=VM_MASTER
TIM1.CounterMode=TIM_COUNTERMODE_CENTERALIGNED1
TIM1.IPParameters=CounterMode
TIM6.AutoReloadPreload=TIM_AUTORELOAD_PRELOAD_ENABLE
TIM6.IPParameters=AutoReloadPreload
USART1.BaudRate=115200
USART1.IPParameters=VirtualMode,BaudRate
USART1.VirtualMode=VM_ASYNC
USART2.BaudRate=2000000
USART2.IPParameters=VirtualMode,BaudRate
USART2.VirtualMode=VM_ASYNC
USB_DEVICE.CLASS_NAME_FS=CDC
USB_DEVICE.IPParameters=VirtualMode-CDC_FS,VirtualModeFS,CLASS_NAME_FS
USB_DEVICE.VirtualMode-CDC_FS=Cdc
USB_DEVICE.VirtualModeFS=Cdc_FS
USB_OTG_FS.IPParameters=VirtualMode
USB_OTG_FS.VirtualMode=Device_Only
VP_FATFS_VS_SDIO.Mode=SDIO
VP_FATFS_VS_SDIO.Signal=FATFS_VS_SDIO
VP_FREERTOS_VS_CMSIS_V2.Mode=CMSIS_V2
VP_FREERTOS_VS_CMSIS_V2.Signal=FREERTOS_VS_CMSIS_V2
VP_LWIP_VS_Enabled.Mode=Enabled
VP_LWIP_VS_Enabled.Signal=LWIP_VS_Enabled
VP_SYS_VS_tim5.Mode=TIM5
VP_SYS_VS_tim5.Signal=SYS_VS_tim5
VP_TIM1_VS_ClockSourceINT.Mode=Internal
VP_TIM1_VS_ClockSourceINT.Signal=TIM1_VS_ClockSourceINT
VP_TIM6_VS_ClockSourceINT.Mode=Enable_Timer
VP_TIM6_VS_ClockSourceINT.Signal=TIM6_VS_ClockSourceINT
VP_USB_DEVICE_VS_USB_DEVICE_CDC_FS.Mode=CDC_FS
VP_USB_DEVICE_VS_USB_DEVICE_CDC_FS.Signal=USB_DEVICE_VS_USB_DEVICE_CDC_FS
board=custom
isbadioc=false
